{
  "name": "advent-of-code-2023",
  "lockfileVersion": 3,
  "requires": true,
  "packages": {
    "": {
      "name": "advent-of-code-2023",
      "dependencies": {
        "@types/lcm": "^0.0.2",
        "lcm": "^0.0.3"
      },
      "devDependencies": {
        "bun-types": "latest"
      },
      "peerDependencies": {
        "typescript": "^5.0.0"
      }
    },
    "node_modules/@types/lcm": {
      "version": "0.0.2",
      "resolved": "https://registry.npmjs.org/@types/lcm/-/lcm-0.0.2.tgz",
      "integrity": "sha512-u0kbuYV5AQP5F3wC6ROli5KMH2869qeJbcaPpG2u3I/FFb3Vevg9oVih7LiSQLU9BNvIzA5F/lKPUGW8V9hLRQ=="
    },
    "node_modules/bun-types": {
      "version": "1.0.15",
      "resolved": "https://registry.npmjs.org/bun-types/-/bun-types-1.0.15.tgz",
      "integrity": "sha512-XkEvWLV1JIhcVIpf2Lu6FXnZUxRUkQVJmgY+VT7os6Tk5X1nkXx11q4Rtu6txsqpDJZfUeZXblnnD59K+6wsVA==",
      "dev": true
    },
    "node_modules/gcd": {
      "version": "0.0.1",
      "license": "MIT"
    },
    "node_modules/lcm": {
      "version": "0.0.3",
      "license": "MIT",
      "dependencies": {
        "gcd": "^0.0.1"
      }
    },
    "node_modules/typescript": {
      "version": "5.3.2",
      "license": "Apache-2.0",
      "peer": true,
      "bin": {
        "tsc": "bin/tsc",
        "tsserver": "bin/tsserver"
      },
      "engines": {
        "node": ">=14.17"
      }
    }
  }
}
